
Microsoft Visual Studio Solution File, Format Version 12.00
# Visual Studio Version 17
VisualStudioVersion = 17.3.32804.467
MinimumVisualStudioVersion = 10.0.40219.1
Project("{FAE04EC0-301F-11D3-BF4B-00C04F79EFBC}") = "Provhanterare", "Provhanterare\Provhanterare.csproj", "{8FE1DCA3-BC98-4072-890E-467B2E4951BA}"
EndProject
Global
	GlobalSection(SolutionConfigurationPlatforms) = preSolution
		Debug|Any CPU = Debug|Any CPU
		Release|Any CPU = Release|Any CPU
	EndGlobalSection
	GlobalSection(ProjectConfigurationPlatforms) = postSolution
		{8FE1DCA3-BC98-4072-890E-467B2E4951BA}.Debug|Any CPU.ActiveCfg = Debug|Any CPU
		{8FE1DCA3-BC98-4072-890E-467B2E4951BA}.Debug|Any CPU.Build.0 = Debug|Any CPU
		{8FE1DCA3-BC98-4072-890E-467B2E4951BA}.Release|Any CPU.ActiveCfg = Release|Any CPU
		{8FE1DCA3-BC98-4072-890E-467B2E4951BA}.Release|Any CPU.Build.0 = Release|Any CPU
	EndGlobalSection
	GlobalSection(SolutionProperties) = preSolution
		HideSolutionNode = FALSE
	EndGlobalSection
	GlobalSection(ExtensibilityGlobals) = postSolution
		SolutionGuid = {FFBF087F-AA4B-4A7B-9D37-E732D38E53B6}
	EndGlobalSection
EndGlobal
